
Microsoft Visual Studio Solution File, Format Version 12.00
# Visual Studio Version 17
VisualStudioVersion = 17.9.34728.123
MinimumVisualStudioVersion = 10.0.40219.1
Project("{9A19103F-16F7-4668-BE54-9A1E7A4F7556}") = "Minem.Tupa.Api", "Minem.Tupa\Minem.Tupa.Api.csproj", "{55ABA3F8-E7B1-4331-A35F-4DC4BBA3C009}"
EndProject
Project("{2150E333-8FDC-42A3-9474-1A3956D46DE8}") = "01.Presentation", "01.Presentation", "{3C260F27-1E33-4686-B7B8-D4A5A0FAEF39}"
EndProject
Project("{2150E333-8FDC-42A3-9474-1A3956D46DE8}") = "02.Application", "02.Application", "{F75F07CA-78F5-4373-BB98-26701B8A713D}"
EndProject
Project("{2150E333-8FDC-42A3-9474-1A3956D46DE8}") = "04.Infraestructure", "04.Infraestructure", "{1B830572-33AF-409E-B7BB-DCAFCEE6F600}"
EndProject
Project("{2150E333-8FDC-42A3-9474-1A3956D46DE8}") = "03.Domain", "03.Domain", "{B5EF5311-1D38-4BE4-8984-822F92102F74}"
EndProject
Project("{9A19103F-16F7-4668-BE54-9A1E7A4F7556}") = "Minem.Tupa.Application", "Minem.Tupa.Application\Minem.Tupa.Application.csproj", "{AEE74ECC-E7CD-4D71-B20E-7E7BF07AD357}"
EndProject
Project("{9A19103F-16F7-4668-BE54-9A1E7A4F7556}") = "Minem.Tupa.Entity", "Minem.Tupa.Entity\Minem.Tupa.Entity.csproj", "{3B08B6ED-7DAB-4888-93EE-B7FFC5DCB6D2}"
EndProject
Project("{2150E333-8FDC-42A3-9474-1A3956D46DE8}") = "05.Transversal", "05.Transversal", "{8B23F6F5-1194-46F3-BE09-72A347A76BA0}"
EndProject
Project("{9A19103F-16F7-4668-BE54-9A1E7A4F7556}") = "Minem.Tupa.IApplication", "Minem.Tupa.IApplication\Minem.Tupa.IApplication.csproj", "{8E74BA92-A335-4DBD-BEFC-4DB71FBA2DB4}"
EndProject
Project("{9A19103F-16F7-4668-BE54-9A1E7A4F7556}") = "Minem.Tupa.IRepository", "Minem.Tupa.IRepository\Minem.Tupa.IRepository.csproj", "{C28CBAD4-00F6-472D-9E93-233AC6B8BA81}"
EndProject
Project("{9A19103F-16F7-4668-BE54-9A1E7A4F7556}") = "Minem.Tupa.Repository", "Minem.Tupa.Repository\Minem.Tupa.Repository.csproj", "{D1FC898C-5BDE-490B-AD1C-94CB17D9D95C}"
EndProject
Project("{9A19103F-16F7-4668-BE54-9A1E7A4F7556}") = "Minem.Tupa.Utils", "Minem.Tupa.Utils\Minem.Tupa.Utils.csproj", "{70ED6D22-485D-43B4-A6E4-DAC70651D054}"
EndProject
Project("{9A19103F-16F7-4668-BE54-9A1E7A4F7556}") = "Minem.Tupa.Dto", "Minem.Tupa.Dto\Minem.Tupa.Dto.csproj", "{E331B941-3863-4FD1-9EF2-DCCBE37F51B8}"
EndProject
Project("{9A19103F-16F7-4668-BE54-9A1E7A4F7556}") = "Minem.Tupa.Infraestructure", "Minem.Tupa.Infraestructure\Minem.Tupa.Infraestructure.csproj", "{5DA22444-58D4-4BB5-94B4-C1F3A8286970}"
EndProject
Project("{9A19103F-16F7-4668-BE54-9A1E7A4F7556}") = "Minem.Tupa.Data", "Minem.Tupa.Data\Minem.Tupa.Data.csproj", "{22ED1364-C78A-485E-B316-401D23702B62}"
EndProject
Project("{9A19103F-16F7-4668-BE54-9A1E7A4F7556}") = "Minem.Tupa.Automapper", "Minem.Tupa.Automapper\Minem.Tupa.Automapper.csproj", "{C556AABC-08E6-45B2-8453-8D86216F4A29}"
EndProject
Project("{9A19103F-16F7-4668-BE54-9A1E7A4F7556}") = "Minem.Tupa.Register.IoC", "Minem.Tupa.Register.IoC\Minem.Tupa.Register.IoC.csproj", "{9E755EFC-8191-4537-B711-3148906A2AF2}"
EndProject
Project("{9A19103F-16F7-4668-BE54-9A1E7A4F7556}") = "Minem.Tupa.Proxy", "Minem.Tupa.Proxy\Minem.Tupa.Proxy.csproj", "{1EF24404-A117-45F8-998F-E18320899DEE}"
EndProject
Global
	GlobalSection(SolutionConfigurationPlatforms) = preSolution
		Debug|Any CPU = Debug|Any CPU
		Release|Any CPU = Release|Any CPU
	EndGlobalSection
	GlobalSection(ProjectConfigurationPlatforms) = postSolution
		{55ABA3F8-E7B1-4331-A35F-4DC4BBA3C009}.Debug|Any CPU.ActiveCfg = Debug|Any CPU
		{55ABA3F8-E7B1-4331-A35F-4DC4BBA3C009}.Debug|Any CPU.Build.0 = Debug|Any CPU
		{55ABA3F8-E7B1-4331-A35F-4DC4BBA3C009}.Release|Any CPU.ActiveCfg = Release|Any CPU
		{55ABA3F8-E7B1-4331-A35F-4DC4BBA3C009}.Release|Any CPU.Build.0 = Release|Any CPU
		{AEE74ECC-E7CD-4D71-B20E-7E7BF07AD357}.Debug|Any CPU.ActiveCfg = Debug|Any CPU
		{AEE74ECC-E7CD-4D71-B20E-7E7BF07AD357}.Debug|Any CPU.Build.0 = Debug|Any CPU
		{AEE74ECC-E7CD-4D71-B20E-7E7BF07AD357}.Release|Any CPU.ActiveCfg = Release|Any CPU
		{AEE74ECC-E7CD-4D71-B20E-7E7BF07AD357}.Release|Any CPU.Build.0 = Release|Any CPU
		{3B08B6ED-7DAB-4888-93EE-B7FFC5DCB6D2}.Debug|Any CPU.ActiveCfg = Debug|Any CPU
		{3B08B6ED-7DAB-4888-93EE-B7FFC5DCB6D2}.Debug|Any CPU.Build.0 = Debug|Any CPU
		{3B08B6ED-7DAB-4888-93EE-B7FFC5DCB6D2}.Release|Any CPU.ActiveCfg = Release|Any CPU
		{3B08B6ED-7DAB-4888-93EE-B7FFC5DCB6D2}.Release|Any CPU.Build.0 = Release|Any CPU
		{8E74BA92-A335-4DBD-BEFC-4DB71FBA2DB4}.Debug|Any CPU.ActiveCfg = Debug|Any CPU
		{8E74BA92-A335-4DBD-BEFC-4DB71FBA2DB4}.Debug|Any CPU.Build.0 = Debug|Any CPU
		{8E74BA92-A335-4DBD-BEFC-4DB71FBA2DB4}.Release|Any CPU.ActiveCfg = Release|Any CPU
		{8E74BA92-A335-4DBD-BEFC-4DB71FBA2DB4}.Release|Any CPU.Build.0 = Release|Any CPU
		{C28CBAD4-00F6-472D-9E93-233AC6B8BA81}.Debug|Any CPU.ActiveCfg = Debug|Any CPU
		{C28CBAD4-00F6-472D-9E93-233AC6B8BA81}.Debug|Any CPU.Build.0 = Debug|Any CPU
		{C28CBAD4-00F6-472D-9E93-233AC6B8BA81}.Release|Any CPU.ActiveCfg = Release|Any CPU
		{C28CBAD4-00F6-472D-9E93-233AC6B8BA81}.Release|Any CPU.Build.0 = Release|Any CPU
		{D1FC898C-5BDE-490B-AD1C-94CB17D9D95C}.Debug|Any CPU.ActiveCfg = Debug|Any CPU
		{D1FC898C-5BDE-490B-AD1C-94CB17D9D95C}.Debug|Any CPU.Build.0 = Debug|Any CPU
		{D1FC898C-5BDE-490B-AD1C-94CB17D9D95C}.Release|Any CPU.ActiveCfg = Release|Any CPU
		{D1FC898C-5BDE-490B-AD1C-94CB17D9D95C}.Release|Any CPU.Build.0 = Release|Any CPU
		{70ED6D22-485D-43B4-A6E4-DAC70651D054}.Debug|Any CPU.ActiveCfg = Debug|Any CPU
		{70ED6D22-485D-43B4-A6E4-DAC70651D054}.Debug|Any CPU.Build.0 = Debug|Any CPU
		{70ED6D22-485D-43B4-A6E4-DAC70651D054}.Release|Any CPU.ActiveCfg = Release|Any CPU
		{70ED6D22-485D-43B4-A6E4-DAC70651D054}.Release|Any CPU.Build.0 = Release|Any CPU
		{E331B941-3863-4FD1-9EF2-DCCBE37F51B8}.Debug|Any CPU.ActiveCfg = Debug|Any CPU
		{E331B941-3863-4FD1-9EF2-DCCBE37F51B8}.Debug|Any CPU.Build.0 = Debug|Any CPU
		{E331B941-3863-4FD1-9EF2-DCCBE37F51B8}.Release|Any CPU.ActiveCfg = Release|Any CPU
		{E331B941-3863-4FD1-9EF2-DCCBE37F51B8}.Release|Any CPU.Build.0 = Release|Any CPU
		{5DA22444-58D4-4BB5-94B4-C1F3A8286970}.Debug|Any CPU.ActiveCfg = Debug|Any CPU
		{5DA22444-58D4-4BB5-94B4-C1F3A8286970}.Debug|Any CPU.Build.0 = Debug|Any CPU
		{5DA22444-58D4-4BB5-94B4-C1F3A8286970}.Release|Any CPU.ActiveCfg = Release|Any CPU
		{5DA22444-58D4-4BB5-94B4-C1F3A8286970}.Release|Any CPU.Build.0 = Release|Any CPU
		{22ED1364-C78A-485E-B316-401D23702B62}.Debug|Any CPU.ActiveCfg = Debug|Any CPU
		{22ED1364-C78A-485E-B316-401D23702B62}.Debug|Any CPU.Build.0 = Debug|Any CPU
		{22ED1364-C78A-485E-B316-401D23702B62}.Release|Any CPU.ActiveCfg = Release|Any CPU
		{22ED1364-C78A-485E-B316-401D23702B62}.Release|Any CPU.Build.0 = Release|Any CPU
		{C556AABC-08E6-45B2-8453-8D86216F4A29}.Debug|Any CPU.ActiveCfg = Debug|Any CPU
		{C556AABC-08E6-45B2-8453-8D86216F4A29}.Debug|Any CPU.Build.0 = Debug|Any CPU
		{C556AABC-08E6-45B2-8453-8D86216F4A29}.Release|Any CPU.ActiveCfg = Release|Any CPU
		{C556AABC-08E6-45B2-8453-8D86216F4A29}.Release|Any CPU.Build.0 = Release|Any CPU
		{9E755EFC-8191-4537-B711-3148906A2AF2}.Debug|Any CPU.ActiveCfg = Debug|Any CPU
		{9E755EFC-8191-4537-B711-3148906A2AF2}.Debug|Any CPU.Build.0 = Debug|Any CPU
		{9E755EFC-8191-4537-B711-3148906A2AF2}.Release|Any CPU.ActiveCfg = Release|Any CPU
		{9E755EFC-8191-4537-B711-3148906A2AF2}.Release|Any CPU.Build.0 = Release|Any CPU
		{1EF24404-A117-45F8-998F-E18320899DEE}.Debug|Any CPU.ActiveCfg = Debug|Any CPU
		{1EF24404-A117-45F8-998F-E18320899DEE}.Debug|Any CPU.Build.0 = Debug|Any CPU
		{1EF24404-A117-45F8-998F-E18320899DEE}.Release|Any CPU.ActiveCfg = Release|Any CPU
		{1EF24404-A117-45F8-998F-E18320899DEE}.Release|Any CPU.Build.0 = Release|Any CPU
	EndGlobalSection
	GlobalSection(SolutionProperties) = preSolution
		HideSolutionNode = FALSE
	EndGlobalSection
	GlobalSection(NestedProjects) = preSolution
		{55ABA3F8-E7B1-4331-A35F-4DC4BBA3C009} = {3C260F27-1E33-4686-B7B8-D4A5A0FAEF39}
		{AEE74ECC-E7CD-4D71-B20E-7E7BF07AD357} = {F75F07CA-78F5-4373-BB98-26701B8A713D}
		{3B08B6ED-7DAB-4888-93EE-B7FFC5DCB6D2} = {B5EF5311-1D38-4BE4-8984-822F92102F74}
		{8E74BA92-A335-4DBD-BEFC-4DB71FBA2DB4} = {F75F07CA-78F5-4373-BB98-26701B8A713D}
		{C28CBAD4-00F6-472D-9E93-233AC6B8BA81} = {1B830572-33AF-409E-B7BB-DCAFCEE6F600}
		{D1FC898C-5BDE-490B-AD1C-94CB17D9D95C} = {1B830572-33AF-409E-B7BB-DCAFCEE6F600}
		{70ED6D22-485D-43B4-A6E4-DAC70651D054} = {8B23F6F5-1194-46F3-BE09-72A347A76BA0}
		{E331B941-3863-4FD1-9EF2-DCCBE37F51B8} = {F75F07CA-78F5-4373-BB98-26701B8A713D}
		{5DA22444-58D4-4BB5-94B4-C1F3A8286970} = {8B23F6F5-1194-46F3-BE09-72A347A76BA0}
		{22ED1364-C78A-485E-B316-401D23702B62} = {1B830572-33AF-409E-B7BB-DCAFCEE6F600}
		{C556AABC-08E6-45B2-8453-8D86216F4A29} = {8B23F6F5-1194-46F3-BE09-72A347A76BA0}
		{9E755EFC-8191-4537-B711-3148906A2AF2} = {8B23F6F5-1194-46F3-BE09-72A347A76BA0}
		{1EF24404-A117-45F8-998F-E18320899DEE} = {F75F07CA-78F5-4373-BB98-26701B8A713D}
	EndGlobalSection
	GlobalSection(ExtensibilityGlobals) = postSolution
		SolutionGuid = {001A2A57-FA08-4D61-9FE1-3EBF814B30BC}
	EndGlobalSection
EndGlobal
